Microsoft Visual Studio Solution File, Format Version 12.00
# Visual Studio Version 17
VisualStudioVersion = 17.5.2.0
MinimumVisualStudioVersion = 10.0.40219.1
Project("{FAE04EC0-301F-11D3-BF4B-00C04F79EFBC}") = "CompatibleAPI", "CompatibleAPI.csproj", "{79A70C1F-8D2E-486F-2FD3-5B45D8BF02AA}"
EndProject
Global
	GlobalSection(SolutionConfigurationPlatforms) = preSolution
		Debug|Any CPU = Debug|Any CPU
		Release|Any CPU = Release|Any CPU
	EndGlobalSection
	GlobalSection(ProjectConfigurationPlatforms) = postSolution
		{79A70C1F-8D2E-486F-2FD3-5B45D8BF02AA}.Debug|Any CPU.ActiveCfg = Debug|Any CPU
		{79A70C1F-8D2E-486F-2FD3-5B45D8BF02AA}.Debug|Any CPU.Build.0 = Debug|Any CPU
		{79A70C1F-8D2E-486F-2FD3-5B45D8BF02AA}.Release|Any CPU.ActiveCfg = Release|Any CPU
		{79A70C1F-8D2E-486F-2FD3-5B45D8BF02AA}.Release|Any CPU.Build.0 = Release|Any CPU
	EndGlobalSection
	GlobalSection(SolutionProperties) = preSolution
		HideSolutionNode = FALSE
	EndGlobalSection
	GlobalSection(ExtensibilityGlobals) = postSolution
		SolutionGuid = {A4A6476A-57D5-4DE3-BD87-7F7CFFE843AB}
	EndGlobalSection
EndGlobal
